github.com/davecgh/go-spew v1.1.0/go.mod h1:J7Y8YcW2NihsgmVo/mv3lAwl/skON4iLHjSsI+c5H38=
github.com/go-telegram-bot-api/telegram-bot-api/v5 v5.5.1 h1:wG8n/XJQ07TmjbITcGiUaOtXxdrINDz1b0J1w0SzqDc=
github.com/go-telegram-bot-api/telegram-bot-api/v5 v5.5.1/go.mod h1:A2S0CWkNylc2phvKXWBBdD3K0iGnDBGbzRpISP2zBl8=
github.com/omnipunk/qr v0.0.0-20231130103639-49e4aee162af h1:R2OUZt2X1bj/UshDsro+QMA0/OU0XxLnDOT4QLSDnGo=
github.com/omnipunk/qr v0.0.0-20231130103639-49e4aee162af/go.mod h1:o+f7Qcyd5+mUGU13GjPGAcXtJafOtTD9SQck8yGdPd4=
github.com/omnipunk/tg v0.0.0-20231120182435-4232ac8d2aef h1:vI386gOx1yjKLKgRVGg6LjP5+u6DgmWx+WyQHwOD9g0=
github.com/omnipunk/tg v0.0.0-20231120182435-4232ac8d2aef/go.mod h1:JYAku2Q05K2wmTzcTcgZzL0zzMP3KqHAoDng/siUc7Q=
github.com/pmezard/go-difflib v1.0.0/go.mod h1:iKH77koFhYxTK1pcRnkKkqfTogsbg7gZNVY4sRDYZ/4=
github.com/stretchr/objx v0.1.0/go.mod h1:HFkY916IF+rwdDfMAkV7OtwuqBVzrE8GR6GFx+wExME=
github.com/stretchr/testify v1.4.0/go.mod h1:j7eGeouHqKxXV5pUuKE4zz7dFj8WfuZ+81PSLYec5m4=
gopkg.in/check.v1 v0.0.0-20161208181325-20d25e280405/go.mod h1:Co6ibVJAznAaIkqp8huTwlJQCZ016jof/cbN4VW5Yz0=
gopkg.in/yaml.v2 v2.2.2/go.mod h1:hI93XBmqTisBFMUTm0b8Fm+jr3Dg1NNxqwp+5A1VGuI=
